// !$*UTF8*$!
{
	archiveVersion = 1;
	classes = {
	};
	objectVersion = 51;
	objects = {

/* Begin PBXBuildFile section */
		2CD68F7622BD7D9D00EAC565 /* beam.scnp in Resources */ = {isa = PBXBuildFile; fileRef = 2CD68F7422BD7D9D00EAC565 /* beam.scnp */; };
		2CD68F7722BD7D9D00EAC565 /* spark.png in Resources */ = {isa = PBXBuildFile; fileRef = 2CD68F7522BD7D9D00EAC565 /* spark.png */; };
		A03FCEAB22BD46A0006A6695 /* AppDelegate.swift in Sources */ = {isa = PBXBuildFile; fileRef = A03FCEAA22BD46A0006A6695 /* AppDelegate.swift */; };
		A03FCEAD22BD46A0006A6695 /* DocumentBrowserViewController.swift in Sources */ = {isa = PBXBuildFile; fileRef = A03FCEAC22BD46A0006A6695 /* DocumentBrowserViewController.swift */; };
		A03FCEB422BD46A0006A6695 /* Main.storyboard in Resources */ = {isa = PBXBuildFile; fileRef = A03FCEB222BD46A0006A6695 /* Main.storyboard */; };
		A03FCEB622BD46A1006A6695 /* Assets.xcassets in Resources */ = {isa = PBXBuildFile; fileRef = A03FCEB522BD46A1006A6695 /* Assets.xcassets */; };
		A03FCEB922BD46A1006A6695 /* LaunchScreen.storyboard in Resources */ = {isa = PBXBuildFile; fileRef = A03FCEB722BD46A1006A6695 /* LaunchScreen.storyboard */; };
		A03FCEC122BD48AC006A6695 /* ViewController.swift in Sources */ = {isa = PBXBuildFile; fileRef = A03FCEC022BD48AC006A6695 /* ViewController.swift */; };
		B81B147FB1FFCCBEC5D3E564 /* Pods_Mordor.framework in Frameworks */ = {isa = PBXBuildFile; fileRef = BBC0776669844DC8042E3BF9 /* Pods_Mordor.framework */; };
		BF040F3C22BD627200E47122 /* ContentScrollViewController.swift in Sources */ = {isa = PBXBuildFile; fileRef = BF040F3622BD627200E47122 /* ContentScrollViewController.swift */; };
		BF040F3D22BD627200E47122 /* ContentView.swift in Sources */ = {isa = PBXBuildFile; fileRef = BF040F3722BD627200E47122 /* ContentView.swift */; };
		BF040F3E22BD627200E47122 /* TrackingPreviewViewController.swift in Sources */ = {isa = PBXBuildFile; fileRef = BF040F3922BD627200E47122 /* TrackingPreviewViewController.swift */; };
		BF040F3F22BD627200E47122 /* TrackingControlView.swift in Sources */ = {isa = PBXBuildFile; fileRef = BF040F3A22BD627200E47122 /* TrackingControlView.swift */; };
		BF040F4022BD627200E47122 /* TrackingService.swift in Sources */ = {isa = PBXBuildFile; fileRef = BF040F3B22BD627200E47122 /* TrackingService.swift */; };
/* End PBXBuildFile section */

/* Begin PBXFileReference section */
		2CD68F7422BD7D9D00EAC565 /* beam.scnp */ = {isa = PBXFileReference; lastKnownFileType = file.scp; path = beam.scnp; sourceTree = "<group>"; };
		2CD68F7522BD7D9D00EAC565 /* spark.png */ = {isa = PBXFileReference; lastKnownFileType = image.png; path = spark.png; sourceTree = "<group>"; };
		860AE0E7AEB45E9BF820901F /* Pods-Mordor.debug.xcconfig */ = {isa = PBXFileReference; includeInIndex = 1; lastKnownFileType = text.xcconfig; name = "Pods-Mordor.debug.xcconfig"; path = "Target Support Files/Pods-Mordor/Pods-Mordor.debug.xcconfig"; sourceTree = "<group>"; };
		A03FCEA722BD46A0006A6695 /* Mordor.app */ = {isa = PBXFileReference; explicitFileType = wrapper.application; includeInIndex = 0; path = Mordor.app; sourceTree = BUILT_PRODUCTS_DIR; };
		A03FCEAA22BD46A0006A6695 /* AppDelegate.swift */ = {isa = PBXFileReference; lastKnownFileType = sourcecode.swift; path = AppDelegate.swift; sourceTree = "<group>"; };
		A03FCEAC22BD46A0006A6695 /* DocumentBrowserViewController.swift */ = {isa = PBXFileReference; lastKnownFileType = sourcecode.swift; path = DocumentBrowserViewController.swift; sourceTree = "<group>"; };
		A03FCEB322BD46A0006A6695 /* Base */ = {isa = PBXFileReference; lastKnownFileType = file.storyboard; name = Base; path = Base.lproj/Main.storyboard; sourceTree = "<group>"; };
		A03FCEB522BD46A1006A6695 /* Assets.xcassets */ = {isa = PBXFileReference; lastKnownFileType = folder.assetcatalog; path = Assets.xcassets; sourceTree = "<group>"; };
		A03FCEB822BD46A1006A6695 /* Base */ = {isa = PBXFileReference; lastKnownFileType = file.storyboard; name = Base; path = Base.lproj/LaunchScreen.storyboard; sourceTree = "<group>"; };
		A03FCEBA22BD46A1006A6695 /* Info.plist */ = {isa = PBXFileReference; lastKnownFileType = text.plist.xml; path = Info.plist; sourceTree = "<group>"; };
		A03FCEC022BD48AC006A6695 /* ViewController.swift */ = {isa = PBXFileReference; lastKnownFileType = sourcecode.swift; path = ViewController.swift; sourceTree = "<group>"; };
		B0C31D8B60A30EC110F7B6DE /* Pods-Mordor.release.xcconfig */ = {isa = PBXFileReference; includeInIndex = 1; lastKnownFileType = text.xcconfig; name = "Pods-Mordor.release.xcconfig"; path = "Target Support Files/Pods-Mordor/Pods-Mordor.release.xcconfig"; sourceTree = "<group>"; };
		BBC0776669844DC8042E3BF9 /* Pods_Mordor.framework */ = {isa = PBXFileReference; explicitFileType = wrapper.framework; includeInIndex = 0; path = Pods_Mordor.framework; sourceTree = BUILT_PRODUCTS_DIR; };
		BF040F3622BD627200E47122 /* ContentScrollViewController.swift */ = {isa = PBXFileReference; fileEncoding = 4; lastKnownFileType = sourcecode.swift; path = ContentScrollViewController.swift; sourceTree = "<group>"; };
		BF040F3722BD627200E47122 /* ContentView.swift */ = {isa = PBXFileReference; fileEncoding = 4; lastKnownFileType = sourcecode.swift; path = ContentView.swift; sourceTree = "<group>"; };
		BF040F3922BD627200E47122 /* TrackingPreviewViewController.swift */ = {isa = PBXFileReference; fileEncoding = 4; lastKnownFileType = sourcecode.swift; path = TrackingPreviewViewController.swift; sourceTree = "<group>"; };
		BF040F3A22BD627200E47122 /* TrackingControlView.swift */ = {isa = PBXFileReference; fileEncoding = 4; lastKnownFileType = sourcecode.swift; path = TrackingControlView.swift; sourceTree = "<group>"; };
		BF040F3B22BD627200E47122 /* TrackingService.swift */ = {isa = PBXFileReference; fileEncoding = 4; lastKnownFileType = sourcecode.swift; path = TrackingService.swift; sourceTree = "<group>"; };
/* End PBXFileReference section */

/* Begin PBXFrameworksBuildPhase section */
		A03FCEA422BD46A0006A6695 /* Frameworks */ = {
			isa = PBXFrameworksBuildPhase;
			buildActionMask = 2147483647;
			files = (
				B81B147FB1FFCCBEC5D3E564 /* Pods_Mordor.framework in Frameworks */,
			);
			runOnlyForDeploymentPostprocessing = 0;
		};
/* End PBXFrameworksBuildPhase section */

/* Begin PBXGroup section */
		01F043DE484AB9281218CF56 /* Pods */ = {
			isa = PBXGroup;
			children = (
				860AE0E7AEB45E9BF820901F /* Pods-Mordor.debug.xcconfig */,
				B0C31D8B60A30EC110F7B6DE /* Pods-Mordor.release.xcconfig */,
			);
			path = Pods;
			sourceTree = "<group>";
		};
		2CD68F7322BD7D9D00EAC565 /* Resources */ = {
			isa = PBXGroup;
			children = (
				2CD68F7422BD7D9D00EAC565 /* beam.scnp */,
				2CD68F7522BD7D9D00EAC565 /* spark.png */,
			);
			path = Resources;
			sourceTree = "<group>";
		};
		85D8F5E2EA24F7EB95D4BA97 /* Frameworks */ = {
			isa = PBXGroup;
			children = (
				BBC0776669844DC8042E3BF9 /* Pods_Mordor.framework */,
			);
			name = Frameworks;
			sourceTree = "<group>";
		};
		A03FCE9E22BD46A0006A6695 = {
			isa = PBXGroup;
			children = (
				A03FCEA922BD46A0006A6695 /* Mordor */,
				A03FCEA822BD46A0006A6695 /* Products */,
				01F043DE484AB9281218CF56 /* Pods */,
				85D8F5E2EA24F7EB95D4BA97 /* Frameworks */,
			);
			sourceTree = "<group>";
		};
		A03FCEA822BD46A0006A6695 /* Products */ = {
			isa = PBXGroup;
			children = (
				A03FCEA722BD46A0006A6695 /* Mordor.app */,
			);
			name = Products;
			sourceTree = "<group>";
		};
		A03FCEA922BD46A0006A6695 /* Mordor */ = {
			isa = PBXGroup;
			children = (
				2CD68F7322BD7D9D00EAC565 /* Resources */,
				BF040F3522BD627200E47122 /* ContentViewer */,
				BF040F3822BD627200E47122 /* Eye Tracking */,
				A03FCEAA22BD46A0006A6695 /* AppDelegate.swift */,
				A03FCEAC22BD46A0006A6695 /* DocumentBrowserViewController.swift */,
				A03FCEB222BD46A0006A6695 /* Main.storyboard */,
				A03FCEB522BD46A1006A6695 /* Assets.xcassets */,
				A03FCEB722BD46A1006A6695 /* LaunchScreen.storyboard */,
				A03FCEBA22BD46A1006A6695 /* Info.plist */,
				A03FCEC022BD48AC006A6695 /* ViewController.swift */,
			);
			path = Mordor;
			sourceTree = "<group>";
		};
		BF040F3522BD627200E47122 /* ContentViewer */ = {
			isa = PBXGroup;
			children = (
				BF040F3622BD627200E47122 /* ContentScrollViewController.swift */,
				BF040F3722BD627200E47122 /* ContentView.swift */,
			);
			name = ContentViewer;
			path = ../../Sauron/Sauron/ContentViewer;
			sourceTree = "<group>";
		};
		BF040F3822BD627200E47122 /* Eye Tracking */ = {
			isa = PBXGroup;
			children = (
				BF040F3922BD627200E47122 /* TrackingPreviewViewController.swift */,
				BF040F3A22BD627200E47122 /* TrackingControlView.swift */,
				BF040F3B22BD627200E47122 /* TrackingService.swift */,
			);
			name = "Eye Tracking";
			path = "../../Sauron/Sauron/Eye Tracking";
			sourceTree = "<group>";
		};
/* End PBXGroup section */

/* Begin PBXNativeTarget section */
		A03FCEA622BD46A0006A6695 /* Mordor */ = {
			isa = PBXNativeTarget;
			buildConfigurationList = A03FCEBD22BD46A1006A6695 /* Build configuration list for PBXNativeTarget "Mordor" */;
			buildPhases = (
				C624412881FEE3400778E216 /* [CP] Check Pods Manifest.lock */,
				A03FCEA322BD46A0006A6695 /* Sources */,
				A03FCEA422BD46A0006A6695 /* Frameworks */,
				A03FCEA522BD46A0006A6695 /* Resources */,
				532259F9FDDAA12ABE3C3798 /* [CP] Embed Pods Frameworks */,
			);
			buildRules = (
			);
			dependencies = (
			);
			name = Mordor;
			productName = Mordor;
			productReference = A03FCEA722BD46A0006A6695 /* Mordor.app */;
			productType = "com.apple.product-type.application";
		};
/* End PBXNativeTarget section */

/* Begin PBXProject section */
		A03FCE9F22BD46A0006A6695 /* Project object */ = {
			isa = PBXProject;
			attributes = {
				LastSwiftUpdateCheck = 1020;
				LastUpgradeCheck = 1020;
				ORGANIZATIONNAME = "Huang Bohan";
				TargetAttributes = {
					A03FCEA622BD46A0006A6695 = {
						CreatedOnToolsVersion = 10.2.1;
					};
				};
			};
			buildConfigurationList = A03FCEA222BD46A0006A6695 /* Build configuration list for PBXProject "Mordor" */;
			compatibilityVersion = "Xcode 9.3";
			developmentRegion = en;
			hasScannedForEncodings = 0;
			knownRegions = (
				en,
				Base,
			);
			mainGroup = A03FCE9E22BD46A0006A6695;
			productRefGroup = A03FCEA822BD46A0006A6695 /* Products */;
			projectDirPath = "";
			projectRoot = "";
			targets = (
				A03FCEA622BD46A0006A6695 /* Mordor */,
			);
		};
/* End PBXProject section */

/* Begin PBXResourcesBuildPhase section */
		A03FCEA522BD46A0006A6695 /* Resources */ = {
			isa = PBXResourcesBuildPhase;
			buildActionMask = 2147483647;
			files = (
				2CD68F7722BD7D9D00EAC565 /* spark.png in Resources */,
				2CD68F7622BD7D9D00EAC565 /* beam.scnp in Resources */,
				A03FCEB922BD46A1006A6695 /* LaunchScreen.storyboard in Resources */,
				A03FCEB622BD46A1006A6695 /* Assets.xcassets in Resources */,
				A03FCEB422BD46A0006A6695 /* Main.storyboard in Resources */,
			);
			runOnlyForDeploymentPostprocessing = 0;
		};
/* End PBXResourcesBuildPhase section */

/* Begin PBXShellScriptBuildPhase section */
		532259F9FDDAA12ABE3C3798 /* [CP] Embed Pods Frameworks */ = {
			isa = PBXShellScriptBuildPhase;
			buildActionMask = 2147483647;
			files = (
			);
			inputFileListPaths = (
				"${PODS_ROOT}/Target Support Files/Pods-Mordor/Pods-Mordor-frameworks-${CONFIGURATION}-input-files.xcfilelist",
			);
			name = "[CP] Embed Pods Frameworks";
			outputFileListPaths = (
				"${PODS_ROOT}/Target Support Files/Pods-Mordor/Pods-Mordor-frameworks-${CONFIGURATION}-output-files.xcfilelist",
			);
			runOnlyForDeploymentPostprocessing = 0;
			shellPath = /bin/sh;
			shellScript = "\"${PODS_ROOT}/Target Support Files/Pods-Mordor/Pods-Mordor-frameworks.sh\"\n";
			showEnvVarsInLog = 0;
		};
		C624412881FEE3400778E216 /* [CP] Check Pods Manifest.lock */ = {
			isa = PBXShellScriptBuildPhase;
			buildActionMask = 2147483647;
			files = (
			);
			inputFileListPaths = (
			);
			inputPaths = (
				"${PODS_PODFILE_DIR_PATH}/Podfile.lock",
				"${PODS_ROOT}/Manifest.lock",
			);
			name = "[CP] Check Pods Manifest.lock";
			outputFileListPaths = (
			);
			outputPaths = (
				"$(DERIVED_FILE_DIR)/Pods-Mordor-checkManifestLockResult.txt",
			);
			runOnlyForDeploymentPostprocessing = 0;
			shellPath = /bin/sh;
			shellScript = "diff \"${PODS_PODFILE_DIR_PATH}/Podfile.lock\" \"${PODS_ROOT}/Manifest.lock\" > /dev/null\nif [ $? != 0 ] ; then\n    # print error to STDERR\n    echo \"error: The sandbox is not in sync with the Podfile.lock. Run 'pod install' or update your CocoaPods installation.\" >&2\n    exit 1\nfi\n# This output is used by Xcode 'outputs' to avoid re-running this script phase.\necho \"SUCCESS\" > \"${SCRIPT_OUTPUT_FILE_0}\"\n";
			showEnvVarsInLog = 0;
		};
/* End PBXShellScriptBuildPhase section */

/* Begin PBXSourcesBuildPhase section */
		A03FCEA322BD46A0006A6695 /* Sources */ = {
			isa = PBXSourcesBuildPhase;
			buildActionMask = 2147483647;
			files = (
				A03FCEC122BD48AC006A6695 /* ViewController.swift in Sources */,
				BF040F3D22BD627200E47122 /* ContentView.swift in Sources */,
				BF040F3E22BD627200E47122 /* TrackingPreviewViewController.swift in Sources */,
				BF040F3F22BD627200E47122 /* TrackingControlView.swift in Sources */,
				BF040F4022BD627200E47122 /* TrackingService.swift in Sources */,
				A03FCEAD22BD46A0006A6695 /* DocumentBrowserViewController.swift in Sources */,
				A03FCEAB22BD46A0006A6695 /* AppDelegate.swift in Sources */,
				BF040F3C22BD627200E47122 /* ContentScrollViewController.swift in Sources */,
			);
			runOnlyForDeploymentPostprocessing = 0;
		};
/* End PBXSourcesBuildPhase section */

/* Begin PBXVariantGroup section */
		A03FCEB222BD46A0006A6695 /* Main.storyboard */ = {
			isa = PBXVariantGroup;
			children = (
				A03FCEB322BD46A0006A6695 /* Base */,
			);
			name = Main.storyboard;
			sourceTree = "<group>";
		};
		A03FCEB722BD46A1006A6695 /* LaunchScreen.storyboard */ = {
			isa = PBXVariantGroup;
			children = (
				A03FCEB822BD46A1006A6695 /* Base */,
			);
			name = LaunchScreen.storyboard;
			sourceTree = "<group>";
		};
/* End PBXVariantGroup section */

/* Begin XCBuildConfiguration section */
		A03FCEBB22BD46A1006A6695 /* Debug */ = {
			isa = XCBuildConfiguration;
			buildSettings = {
				ALWAYS_SEARCH_USER_PATHS = NO;
				CLANG_ANALYZER_NONNULL = YES;
				CLANG_ANALYZER_NUMBER_OBJECT_CONVERSION = YES_AGGRESSIVE;
				CLANG_CXX_LANGUAGE_STANDARD = "gnu++14";
				CLANG_CXX_LIBRARY = "libc++";
				CLANG_ENABLE_MODULES = YES;
				CLANG_ENABLE_OBJC_ARC = YES;
				CLANG_ENABLE_OBJC_WEAK = YES;
				CLANG_WARN_BLOCK_CAPTURE_AUTORELEASING = YES;
				CLANG_WARN_BOOL_CONVERSION = YES;
				CLANG_WARN_COMMA = YES;
				CLANG_WARN_CONSTANT_CONVERSION = YES;
				CLANG_WARN_DEPRECATED_OBJC_IMPLEMENTATIONS = YES;
				CLANG_WARN_DIRECT_OBJC_ISA_USAGE = YES_ERROR;
				CLANG_WARN_DOCUMENTATION_COMMENTS = YES;
				CLANG_WARN_EMPTY_BODY = YES;
				CLANG_WARN_ENUM_CONVERSION = YES;
				CLANG_WARN_INFINITE_RECURSION = YES;
				CLANG_WARN_INT_CONVERSION = YES;
				CLANG_WARN_NON_LITERAL_NULL_CONVERSION = YES;
				CLANG_WARN_OBJC_IMPLICIT_RETAIN_SELF = YES;
				CLANG_WARN_OBJC_LITERAL_CONVERSION = YES;
				CLANG_WARN_OBJC_ROOT_CLASS = YES_ERROR;
				CLANG_WARN_RANGE_LOOP_ANALYSIS = YES;
				CLANG_WARN_STRICT_PROTOTYPES = YES;
				CLANG_WARN_SUSPICIOUS_MOVE = YES;
				CLANG_WARN_UNGUARDED_AVAILABILITY = YES_AGGRESSIVE;
				CLANG_WARN_UNREACHABLE_CODE = YES;
				CLANG_WARN__DUPLICATE_METHOD_MATCH = YES;
				CODE_SIGN_IDENTITY = "iPhone Developer";
				COPY_PHASE_STRIP = NO;
				DEBUG_INFORMATION_FORMAT = dwarf;
				ENABLE_STRICT_OBJC_MSGSEND = YES;
				ENABLE_TESTABILITY = YES;
				GCC_C_LANGUAGE_STANDARD = gnu11;
				GCC_DYNAMIC_NO_PIC = NO;
				GCC_NO_COMMON_BLOCKS = YES;
				GCC_OPTIMIZATION_LEVEL = 0;
				GCC_PREPROCESSOR_DEFINITIONS = (
					"DEBUG=1",
					"$(inherited)",
				);
				GCC_WARN_64_TO_32_BIT_CONVERSION = YES;
				GCC_WARN_ABOUT_RETURN_TYPE = YES_ERROR;
				GCC_WARN_UNDECLARED_SELECTOR = YES;
				GCC_WARN_UNINITIALIZED_AUTOS = YES_AGGRESSIVE;
				GCC_WARN_UNUSED_FUNCTION = YES;
				GCC_WARN_UNUSED_VARIABLE = YES;
				IPHONEOS_DEPLOYMENT_TARGET = 12.2;
				MTL_ENABLE_DEBUG_INFO = INCLUDE_SOURCE;
				MTL_FAST_MATH = YES;
				ONLY_ACTIVE_ARCH = YES;
				SDKROOT = iphoneos;
				SWIFT_ACTIVE_COMPILATION_CONDITIONS = DEBUG;
				SWIFT_OPTIMIZATION_LEVEL = "-Onone";
			};
			name = Debug;
		};
		A03FCEBC22BD46A1006A6695 /* Release */ = {
			isa = XCBuildConfiguration;
			buildSettings = {
				ALWAYS_SEARCH_USER_PATHS = NO;
				CLANG_ANALYZER_NONNULL = YES;
				CLANG_ANALYZER_NUMBER_OBJECT_CONVERSION = YES_AGGRESSIVE;
				CLANG_CXX_LANGUAGE_STANDARD = "gnu++14";
				CLANG_CXX_LIBRARY = "libc++";
				CLANG_ENABLE_MODULES = YES;
				CLANG_ENABLE_OBJC_ARC = YES;
				CLANG_ENABLE_OBJC_WEAK = YES;
				CLANG_WARN_BLOCK_CAPTURE_AUTORELEASING = YES;
				CLANG_WARN_BOOL_CONVERSION = YES;
				CLANG_WARN_COMMA = YES;
				CLANG_WARN_CONSTANT_CONVERSION = YES;
				CLANG_WARN_DEPRECATED_OBJC_IMPLEMENTATIONS = YES;
				CLANG_WARN_DIRECT_OBJC_ISA_USAGE = YES_ERROR;
				CLANG_WARN_DOCUMENTATION_COMMENTS = YES;
				CLANG_WARN_EMPTY_BODY = YES;
				CLANG_WARN_ENUM_CONVERSION = YES;
				CLANG_WARN_INFINITE_RECURSION = YES;
				CLANG_WARN_INT_CONVERSION = YES;
				CLANG_WARN_NON_LITERAL_NULL_CONVERSION = YES;
				CLANG_WARN_OBJC_IMPLICIT_RETAIN_SELF = YES;
				CLANG_WARN_OBJC_LITERAL_CONVERSION = YES;
				CLANG_WARN_OBJC_ROOT_CLASS = YES_ERROR;
				CLANG_WARN_RANGE_LOOP_ANALYSIS = YES;
				CLANG_WARN_STRICT_PROTOTYPES = YES;
				CLANG_WARN_SUSPICIOUS_MOVE = YES;
				CLANG_WARN_UNGUARDED_AVAILABILITY = YES_AGGRESSIVE;
				CLANG_WARN_UNREACHABLE_CODE = YES;
				CLANG_WARN__DUPLICATE_METHOD_MATCH = YES;
				CODE_SIGN_IDENTITY = "iPhone Developer";
				COPY_PHASE_STRIP = NO;
				DEBUG_INFORMATION_FORMAT = "dwarf-with-dsym";
				ENABLE_NS_ASSERTIONS = NO;
				ENABLE_STRICT_OBJC_MSGSEND = YES;
				GCC_C_LANGUAGE_STANDARD = gnu11;
				GCC_NO_COMMON_BLOCKS = YES;
				GCC_WARN_64_TO_32_BIT_CONVERSION = YES;
				GCC_WARN_ABOUT_RETURN_TYPE = YES_ERROR;
				GCC_WARN_UNDECLARED_SELECTOR = YES;
				GCC_WARN_UNINITIALIZED_AUTOS = YES_AGGRESSIVE;
				GCC_WARN_UNUSED_FUNCTION = YES;
				GCC_WARN_UNUSED_VARIABLE = YES;
				IPHONEOS_DEPLOYMENT_TARGET = 12.2;
				MTL_ENABLE_DEBUG_INFO = NO;
				MTL_FAST_MATH = YES;
				SDKROOT = iphoneos;
				SWIFT_COMPILATION_MODE = wholemodule;
				SWIFT_OPTIMIZATION_LEVEL = "-O";
				VALIDATE_PRODUCT = YES;
			};
			name = Release;
		};
		A03FCEBE22BD46A1006A6695 /* Debug */ = {
			isa = XCBuildConfiguration;
			baseConfigurationReference = 860AE0E7AEB45E9BF820901F /* Pods-Mordor.debug.xcconfig */;
			buildSettings = {
				ASSETCATALOG_COMPILER_APPICON_NAME = AppIcon;
				CODE_SIGN_STYLE = Automatic;
				DEVELOPMENT_TEAM = Y759WLYUGN;
				INFOPLIST_FILE = Mordor/Info.plist;
				LD_RUNPATH_SEARCH_PATHS = (
					"$(inherited)",
					"@executable_path/Frameworks",
				);
				PRODUCT_BUNDLE_IDENTIFIER = bohan.Mordor1;
				PRODUCT_NAME = "$(TARGET_NAME)";
				SWIFT_VERSION = 5.0;
				TARGETED_DEVICE_FAMILY = "1,2";
			};
			name = Debug;
		};
		A03FCEBF22BD46A1006A6695 /* Release */ = {
			isa = XCBuildConfiguration;
			baseConfigurationReference = B0C31D8B60A30EC110F7B6DE /* Pods-Mordor.release.xcconfig */;
			buildSettings = {
				ASSETCATALOG_COMPILER_APPICON_NAME = AppIcon;
				CODE_SIGN_STYLE = Automatic;
				DEVELOPMENT_TEAM = Y759WLYUGN;
				INFOPLIST_FILE = Mordor/Info.plist;
				LD_RUNPATH_SEARCH_PATHS = (
					"$(inherited)",
					"@executable_path/Frameworks",
				);
				PRODUCT_BUNDLE_IDENTIFIER = bohan.Mordor1;
				PRODUCT_NAME = "$(TARGET_NAME)";
				SWIFT_VERSION = 5.0;
				TARGETED_DEVICE_FAMILY = "1,2";
			};
			name = Release;
		};
/* End XCBuildConfiguration section */

/* Begin XCConfigurationList section */
		A03FCEA222BD46A0006A6695 /* Build configuration list for PBXProject "Mordor" */ = {
			isa = XCConfigurationList;
			buildConfigurations = (
				A03FCEBB22BD46A1006A6695 /* Debug */,
				A03FCEBC22BD46A1006A6695 /* Release */,
			);
			defaultConfigurationIsVisible = 0;
			defaultConfigurationName = Release;
		};
		A03FCEBD22BD46A1006A6695 /* Build configuration list for PBXNativeTarget "Mordor" */ = {
			isa = XCConfigurationList;
			buildConfigurations = (
				A03FCEBE22BD46A1006A6695 /* Debug */,
				A03FCEBF22BD46A1006A6695 /* Release */,
			);
			defaultConfigurationIsVisible = 0;
			defaultConfigurationName = Release;
		};
/* End XCConfigurationList section */
	};
	rootObject = A03FCE9F22BD46A0006A6695 /* Project object */;
}
