// !$*UTF8*$!
{
	archiveVersion = 1;
	classes = {
	};
	objectVersion = 50;
	objects = {

/* Begin PBXBuildFile section */
		A03FCEAB22BD46A0006A6695 /* AppDelegate.swift in Sources */ = {isa = PBXBuildFile; fileRef = A03FCEAA22BD46A0006A6695 /* AppDelegate.swift */; };
		A03FCEAD22BD46A0006A6695 /* DocumentBrowserViewController.swift in Sources */ = {isa = PBXBuildFile; fileRef = A03FCEAC22BD46A0006A6695 /* DocumentBrowserViewController.swift */; };
		A03FCEAF22BD46A0006A6695 /* DocumentViewController.swift in Sources */ = {isa = PBXBuildFile; fileRef = A03FCEAE22BD46A0006A6695 /* DocumentViewController.swift */; };
		A03FCEB122BD46A0006A6695 /* Document.swift in Sources */ = {isa = PBXBuildFile; fileRef = A03FCEB022BD46A0006A6695 /* Document.swift */; };
		A03FCEB422BD46A0006A6695 /* Main.storyboard in Resources */ = {isa = PBXBuildFile; fileRef = A03FCEB222BD46A0006A6695 /* Main.storyboard */; };
		A03FCEB622BD46A1006A6695 /* Assets.xcassets in Resources */ = {isa = PBXBuildFile; fileRef = A03FCEB522BD46A1006A6695 /* Assets.xcassets */; };
		A03FCEB922BD46A1006A6695 /* LaunchScreen.storyboard in Resources */ = {isa = PBXBuildFile; fileRef = A03FCEB722BD46A1006A6695 /* LaunchScreen.storyboard */; };
		A03FCEC122BD48AC006A6695 /* TestViewController.swift in Sources */ = {isa = PBXBuildFile; fileRef = A03FCEC022BD48AC006A6695 /* TestViewController.swift */; };
		A03FCEC522BD5385006A6695 /* xwlb.pdf in Resources */ = {isa = PBXBuildFile; fileRef = A03FCEC422BD5385006A6695 /* xwlb.pdf */; };
/* End PBXBuildFile section */

/* Begin PBXFileReference section */
		A03FCEA722BD46A0006A6695 /* Mordor.app */ = {isa = PBXFileReference; explicitFileType = wrapper.application; includeInIndex = 0; path = Mordor.app; sourceTree = BUILT_PRODUCTS_DIR; };
		A03FCEAA22BD46A0006A6695 /* AppDelegate.swift */ = {isa = PBXFileReference; lastKnownFileType = sourcecode.swift; path = AppDelegate.swift; sourceTree = "<group>"; };
		A03FCEAC22BD46A0006A6695 /* DocumentBrowserViewController.swift */ = {isa = PBXFileReference; lastKnownFileType = sourcecode.swift; path = DocumentBrowserViewController.swift; sourceTree = "<group>"; };
		A03FCEAE22BD46A0006A6695 /* DocumentViewController.swift */ = {isa = PBXFileReference; lastKnownFileType = sourcecode.swift; path = DocumentViewController.swift; sourceTree = "<group>"; };
		A03FCEB022BD46A0006A6695 /* Document.swift */ = {isa = PBXFileReference; lastKnownFileType = sourcecode.swift; path = Document.swift; sourceTree = "<group>"; };
		A03FCEB322BD46A0006A6695 /* Base */ = {isa = PBXFileReference; lastKnownFileType = file.storyboard; name = Base; path = Base.lproj/Main.storyboard; sourceTree = "<group>"; };
		A03FCEB522BD46A1006A6695 /* Assets.xcassets */ = {isa = PBXFileReference; lastKnownFileType = folder.assetcatalog; path = Assets.xcassets; sourceTree = "<group>"; };
		A03FCEB822BD46A1006A6695 /* Base */ = {isa = PBXFileReference; lastKnownFileType = file.storyboard; name = Base; path = Base.lproj/LaunchScreen.storyboard; sourceTree = "<group>"; };
		A03FCEBA22BD46A1006A6695 /* Info.plist */ = {isa = PBXFileReference; lastKnownFileType = text.plist.xml; path = Info.plist; sourceTree = "<group>"; };
		A03FCEC022BD48AC006A6695 /* TestViewController.swift */ = {isa = PBXFileReference; lastKnownFileType = sourcecode.swift; path = TestViewController.swift; sourceTree = "<group>"; };
		A03FCEC422BD5385006A6695 /* xwlb.pdf */ = {isa = PBXFileReference; lastKnownFileType = image.pdf; path = xwlb.pdf; sourceTree = "<group>"; };
/* End PBXFileReference section */

/* Begin PBXFrameworksBuildPhase section */
		A03FCEA422BD46A0006A6695 /* Frameworks */ = {
			isa = PBXFrameworksBuildPhase;
			buildActionMask = 2147483647;
			files = (
			);
			runOnlyForDeploymentPostprocessing = 0;
		};
/* End PBXFrameworksBuildPhase section */

/* Begin PBXGroup section */
		A03FCE9E22BD46A0006A6695 = {
			isa = PBXGroup;
			children = (
				A03FCEA922BD46A0006A6695 /* Mordor */,
				A03FCEA822BD46A0006A6695 /* Products */,
			);
			sourceTree = "<group>";
		};
		A03FCEA822BD46A0006A6695 /* Products */ = {
			isa = PBXGroup;
			children = (
				A03FCEA722BD46A0006A6695 /* Mordor.app */,
			);
			name = Products;
			sourceTree = "<group>";
		};
		A03FCEA922BD46A0006A6695 /* Mordor */ = {
			isa = PBXGroup;
			children = (
				A03FCEC422BD5385006A6695 /* xwlb.pdf */,
				A03FCEAA22BD46A0006A6695 /* AppDelegate.swift */,
				A03FCEAC22BD46A0006A6695 /* DocumentBrowserViewController.swift */,
				A03FCEAE22BD46A0006A6695 /* DocumentViewController.swift */,
				A03FCEB022BD46A0006A6695 /* Document.swift */,
				A03FCEB222BD46A0006A6695 /* Main.storyboard */,
				A03FCEB522BD46A1006A6695 /* Assets.xcassets */,
				A03FCEB722BD46A1006A6695 /* LaunchScreen.storyboard */,
				A03FCEBA22BD46A1006A6695 /* Info.plist */,
				A03FCEC022BD48AC006A6695 /* TestViewController.swift */,
			);
			path = Mordor;
			sourceTree = "<group>";
		};
/* End PBXGroup section */

/* Begin PBXNativeTarget section */
		A03FCEA622BD46A0006A6695 /* Mordor */ = {
			isa = PBXNativeTarget;
			buildConfigurationList = A03FCEBD22BD46A1006A6695 /* Build configuration list for PBXNativeTarget "Mordor" */;
			buildPhases = (
				A03FCEA322BD46A0006A6695 /* Sources */,
				A03FCEA422BD46A0006A6695 /* Frameworks */,
				A03FCEA522BD46A0006A6695 /* Resources */,
			);
			buildRules = (
			);
			dependencies = (
			);
			name = Mordor;
			productName = Mordor;
			productReference = A03FCEA722BD46A0006A6695 /* Mordor.app */;
			productType = "com.apple.product-type.application";
		};
/* End PBXNativeTarget section */

/* Begin PBXProject section */
		A03FCE9F22BD46A0006A6695 /* Project object */ = {
			isa = PBXProject;
			attributes = {
				LastSwiftUpdateCheck = 1020;
				LastUpgradeCheck = 1020;
				ORGANIZATIONNAME = "Huang Bohan";
				TargetAttributes = {
					A03FCEA622BD46A0006A6695 = {
						CreatedOnToolsVersion = 10.2.1;
					};
				};
			};
			buildConfigurationList = A03FCEA222BD46A0006A6695 /* Build configuration list for PBXProject "Mordor" */;
			compatibilityVersion = "Xcode 9.3";
			developmentRegion = en;
			hasScannedForEncodings = 0;
			knownRegions = (
				en,
				Base,
			);
			mainGroup = A03FCE9E22BD46A0006A6695;
			productRefGroup = A03FCEA822BD46A0006A6695 /* Products */;
			projectDirPath = "";
			projectRoot = "";
			targets = (
				A03FCEA622BD46A0006A6695 /* Mordor */,
			);
		};
/* End PBXProject section */

/* Begin PBXResourcesBuildPhase section */
		A03FCEA522BD46A0006A6695 /* Resources */ = {
			isa = PBXResourcesBuildPhase;
			buildActionMask = 2147483647;
			files = (
				A03FCEB922BD46A1006A6695 /* LaunchScreen.storyboard in Resources */,
				A03FCEC522BD5385006A6695 /* xwlb.pdf in Resources */,
				A03FCEB622BD46A1006A6695 /* Assets.xcassets in Resources */,
				A03FCEB422BD46A0006A6695 /* Main.storyboard in Resources */,
			);
			runOnlyForDeploymentPostprocessing = 0;
		};
/* End PBXResourcesBuildPhase section */

/* Begin PBXSourcesBuildPhase section */
		A03FCEA322BD46A0006A6695 /* Sources */ = {
			isa = PBXSourcesBuildPhase;
			buildActionMask = 2147483647;
			files = (
				A03FCEC122BD48AC006A6695 /* TestViewController.swift in Sources */,
				A03FCEB122BD46A0006A6695 /* Document.swift in Sources */,
				A03FCEAF22BD46A0006A6695 /* DocumentViewController.swift in Sources */,
				A03FCEAD22BD46A0006A6695 /* DocumentBrowserViewController.swift in Sources */,
				A03FCEAB22BD46A0006A6695 /* AppDelegate.swift in Sources */,
			);
			runOnlyForDeploymentPostprocessing = 0;
		};
/* End PBXSourcesBuildPhase section */

/* Begin PBXVariantGroup section */
		A03FCEB222BD46A0006A6695 /* Main.storyboard */ = {
			isa = PBXVariantGroup;
			children = (
				A03FCEB322BD46A0006A6695 /* Base */,
			);
			name = Main.storyboard;
			sourceTree = "<group>";
		};
		A03FCEB722BD46A1006A6695 /* LaunchScreen.storyboard */ = {
			isa = PBXVariantGroup;
			children = (
				A03FCEB822BD46A1006A6695 /* Base */,
			);
			name = LaunchScreen.storyboard;
			sourceTree = "<group>";
		};
/* End PBXVariantGroup section */

/* Begin XCBuildConfiguration section */
		A03FCEBB22BD46A1006A6695 /* Debug */ = {
			isa = XCBuildConfiguration;
			buildSettings = {
				ALWAYS_SEARCH_USER_PATHS = NO;
				CLANG_ANALYZER_NONNULL = YES;
				CLANG_ANALYZER_NUMBER_OBJECT_CONVERSION = YES_AGGRESSIVE;
				CLANG_CXX_LANGUAGE_STANDARD = "gnu++14";
				CLANG_CXX_LIBRARY = "libc++";
				CLANG_ENABLE_MODULES = YES;
				CLANG_ENABLE_OBJC_ARC = YES;
				CLANG_ENABLE_OBJC_WEAK = YES;
				CLANG_WARN_BLOCK_CAPTURE_AUTORELEASING = YES;
				CLANG_WARN_BOOL_CONVERSION = YES;
				CLANG_WARN_COMMA = YES;
				CLANG_WARN_CONSTANT_CONVERSION = YES;
				CLANG_WARN_DEPRECATED_OBJC_IMPLEMENTATIONS = YES;
				CLANG_WARN_DIRECT_OBJC_ISA_USAGE = YES_ERROR;
				CLANG_WARN_DOCUMENTATION_COMMENTS = YES;
				CLANG_WARN_EMPTY_BODY = YES;
				CLANG_WARN_ENUM_CONVERSION = YES;
				CLANG_WARN_INFINITE_RECURSION = YES;
				CLANG_WARN_INT_CONVERSION = YES;
				CLANG_WARN_NON_LITERAL_NULL_CONVERSION = YES;
				CLANG_WARN_OBJC_IMPLICIT_RETAIN_SELF = YES;
				CLANG_WARN_OBJC_LITERAL_CONVERSION = YES;
				CLANG_WARN_OBJC_ROOT_CLASS = YES_ERROR;
				CLANG_WARN_RANGE_LOOP_ANALYSIS = YES;
				CLANG_WARN_STRICT_PROTOTYPES = YES;
				CLANG_WARN_SUSPICIOUS_MOVE = YES;
				CLANG_WARN_UNGUARDED_AVAILABILITY = YES_AGGRESSIVE;
				CLANG_WARN_UNREACHABLE_CODE = YES;
				CLANG_WARN__DUPLICATE_METHOD_MATCH = YES;
				CODE_SIGN_IDENTITY = "iPhone Developer";
				COPY_PHASE_STRIP = NO;
				DEBUG_INFORMATION_FORMAT = dwarf;
				ENABLE_STRICT_OBJC_MSGSEND = YES;
				ENABLE_TESTABILITY = YES;
				GCC_C_LANGUAGE_STANDARD = gnu11;
				GCC_DYNAMIC_NO_PIC = NO;
				GCC_NO_COMMON_BLOCKS = YES;
				GCC_OPTIMIZATION_LEVEL = 0;
				GCC_PREPROCESSOR_DEFINITIONS = (
					"DEBUG=1",
					"$(inherited)",
				);
				GCC_WARN_64_TO_32_BIT_CONVERSION = YES;
				GCC_WARN_ABOUT_RETURN_TYPE = YES_ERROR;
				GCC_WARN_UNDECLARED_SELECTOR = YES;
				GCC_WARN_UNINITIALIZED_AUTOS = YES_AGGRESSIVE;
				GCC_WARN_UNUSED_FUNCTION = YES;
				GCC_WARN_UNUSED_VARIABLE = YES;
				IPHONEOS_DEPLOYMENT_TARGET = 12.2;
				MTL_ENABLE_DEBUG_INFO = INCLUDE_SOURCE;
				MTL_FAST_MATH = YES;
				ONLY_ACTIVE_ARCH = YES;
				SDKROOT = iphoneos;
				SWIFT_ACTIVE_COMPILATION_CONDITIONS = DEBUG;
				SWIFT_OPTIMIZATION_LEVEL = "-Onone";
			};
			name = Debug;
		};
		A03FCEBC22BD46A1006A6695 /* Release */ = {
			isa = XCBuildConfiguration;
			buildSettings = {
				ALWAYS_SEARCH_USER_PATHS = NO;
				CLANG_ANALYZER_NONNULL = YES;
				CLANG_ANALYZER_NUMBER_OBJECT_CONVERSION = YES_AGGRESSIVE;
				CLANG_CXX_LANGUAGE_STANDARD = "gnu++14";
				CLANG_CXX_LIBRARY = "libc++";
				CLANG_ENABLE_MODULES = YES;
				CLANG_ENABLE_OBJC_ARC = YES;
				CLANG_ENABLE_OBJC_WEAK = YES;
				CLANG_WARN_BLOCK_CAPTURE_AUTORELEASING = YES;
				CLANG_WARN_BOOL_CONVERSION = YES;
				CLANG_WARN_COMMA = YES;
				CLANG_WARN_CONSTANT_CONVERSION = YES;
				CLANG_WARN_DEPRECATED_OBJC_IMPLEMENTATIONS = YES;
				CLANG_WARN_DIRECT_OBJC_ISA_USAGE = YES_ERROR;
				CLANG_WARN_DOCUMENTATION_COMMENTS = YES;
				CLANG_WARN_EMPTY_BODY = YES;
				CLANG_WARN_ENUM_CONVERSION = YES;
				CLANG_WARN_INFINITE_RECURSION = YES;
				CLANG_WARN_INT_CONVERSION = YES;
				CLANG_WARN_NON_LITERAL_NULL_CONVERSION = YES;
				CLANG_WARN_OBJC_IMPLICIT_RETAIN_SELF = YES;
				CLANG_WARN_OBJC_LITERAL_CONVERSION = YES;
				CLANG_WARN_OBJC_ROOT_CLASS = YES_ERROR;
				CLANG_WARN_RANGE_LOOP_ANALYSIS = YES;
				CLANG_WARN_STRICT_PROTOTYPES = YES;
				CLANG_WARN_SUSPICIOUS_MOVE = YES;
				CLANG_WARN_UNGUARDED_AVAILABILITY = YES_AGGRESSIVE;
				CLANG_WARN_UNREACHABLE_CODE = YES;
				CLANG_WARN__DUPLICATE_METHOD_MATCH = YES;
				CODE_SIGN_IDENTITY = "iPhone Developer";
				COPY_PHASE_STRIP = NO;
				DEBUG_INFORMATION_FORMAT = "dwarf-with-dsym";
				ENABLE_NS_ASSERTIONS = NO;
				ENABLE_STRICT_OBJC_MSGSEND = YES;
				GCC_C_LANGUAGE_STANDARD = gnu11;
				GCC_NO_COMMON_BLOCKS = YES;
				GCC_WARN_64_TO_32_BIT_CONVERSION = YES;
				GCC_WARN_ABOUT_RETURN_TYPE = YES_ERROR;
				GCC_WARN_UNDECLARED_SELECTOR = YES;
				GCC_WARN_UNINITIALIZED_AUTOS = YES_AGGRESSIVE;
				GCC_WARN_UNUSED_FUNCTION = YES;
				GCC_WARN_UNUSED_VARIABLE = YES;
				IPHONEOS_DEPLOYMENT_TARGET = 12.2;
				MTL_ENABLE_DEBUG_INFO = NO;
				MTL_FAST_MATH = YES;
				SDKROOT = iphoneos;
				SWIFT_COMPILATION_MODE = wholemodule;
				SWIFT_OPTIMIZATION_LEVEL = "-O";
				VALIDATE_PRODUCT = YES;
			};
			name = Release;
		};
		A03FCEBE22BD46A1006A6695 /* Debug */ = {
			isa = XCBuildConfiguration;
			buildSettings = {
				ASSETCATALOG_COMPILER_APPICON_NAME = AppIcon;
				CODE_SIGN_STYLE = Automatic;
				DEVELOPMENT_TEAM = SWZT2N435K;
				INFOPLIST_FILE = Mordor/Info.plist;
				LD_RUNPATH_SEARCH_PATHS = (
					"$(inherited)",
					"@executable_path/Frameworks",
				);
				PRODUCT_BUNDLE_IDENTIFIER = bohan.Mordor;
				PRODUCT_NAME = "$(TARGET_NAME)";
				SWIFT_VERSION = 5.0;
				TARGETED_DEVICE_FAMILY = "1,2";
			};
			name = Debug;
		};
		A03FCEBF22BD46A1006A6695 /* Release */ = {
			isa = XCBuildConfiguration;
			buildSettings = {
				ASSETCATALOG_COMPILER_APPICON_NAME = AppIcon;
				CODE_SIGN_STYLE = Automatic;
				DEVELOPMENT_TEAM = SWZT2N435K;
				INFOPLIST_FILE = Mordor/Info.plist;
				LD_RUNPATH_SEARCH_PATHS = (
					"$(inherited)",
					"@executable_path/Frameworks",
				);
				PRODUCT_BUNDLE_IDENTIFIER = bohan.Mordor;
				PRODUCT_NAME = "$(TARGET_NAME)";
				SWIFT_VERSION = 5.0;
				TARGETED_DEVICE_FAMILY = "1,2";
			};
			name = Release;
		};
/* End XCBuildConfiguration section */

/* Begin XCConfigurationList section */
		A03FCEA222BD46A0006A6695 /* Build configuration list for PBXProject "Mordor" */ = {
			isa = XCConfigurationList;
			buildConfigurations = (
				A03FCEBB22BD46A1006A6695 /* Debug */,
				A03FCEBC22BD46A1006A6695 /* Release */,
			);
			defaultConfigurationIsVisible = 0;
			defaultConfigurationName = Release;
		};
		A03FCEBD22BD46A1006A6695 /* Build configuration list for PBXNativeTarget "Mordor" */ = {
			isa = XCConfigurationList;
			buildConfigurations = (
				A03FCEBE22BD46A1006A6695 /* Debug */,
				A03FCEBF22BD46A1006A6695 /* Release */,
			);
			defaultConfigurationIsVisible = 0;
			defaultConfigurationName = Release;
		};
/* End XCConfigurationList section */
	};
	rootObject = A03FCE9F22BD46A0006A6695 /* Project object */;
}
